
Microsoft Visual Studio Solution File, Format Version 12.00
# Visual Studio Version 17
VisualStudioVersion = 17.5.002.0
MinimumVisualStudioVersion = 10.0.40219.1
Project("{9A19103F-16F7-4668-BE54-9A1E7A4F7556}") = "sampleApplication", "sampleApplication.csproj", "{6E9E3FF8-F84F-4E59-AB1B-74AE25496FB9}"
EndProject
Project("{9A19103F-16F7-4668-BE54-9A1E7A4F7556}") = "unitTesting", "unitTesting\unitTesting.csproj", "{545068F4-3CF5-45B0-A91B-16071E4F78D7}"
EndProject
Global
	GlobalSection(SolutionConfigurationPlatforms) = preSolution
		Debug|Any CPU = Debug|Any CPU
		Release|Any CPU = Release|Any CPU
	EndGlobalSection
	GlobalSection(ProjectConfigurationPlatforms) = postSolution
		{6E9E3FF8-F84F-4E59-AB1B-74AE25496FB9}.Debug|Any CPU.ActiveCfg = Debug|Any CPU
		{6E9E3FF8-F84F-4E59-AB1B-74AE25496FB9}.Debug|Any CPU.Build.0 = Debug|Any CPU
		{6E9E3FF8-F84F-4E59-AB1B-74AE25496FB9}.Release|Any CPU.ActiveCfg = Release|Any CPU
		{6E9E3FF8-F84F-4E59-AB1B-74AE25496FB9}.Release|Any CPU.Build.0 = Release|Any CPU
		{545068F4-3CF5-45B0-A91B-16071E4F78D7}.Debug|Any CPU.ActiveCfg = Debug|Any CPU
		{545068F4-3CF5-45B0-A91B-16071E4F78D7}.Debug|Any CPU.Build.0 = Debug|Any CPU
		{545068F4-3CF5-45B0-A91B-16071E4F78D7}.Release|Any CPU.ActiveCfg = Release|Any CPU
		{545068F4-3CF5-45B0-A91B-16071E4F78D7}.Release|Any CPU.Build.0 = Release|Any CPU
	EndGlobalSection
	GlobalSection(SolutionProperties) = preSolution
		HideSolutionNode = FALSE
	EndGlobalSection
	GlobalSection(ExtensibilityGlobals) = postSolution
		SolutionGuid = {09E41A48-218F-4DB6-8334-F73A6F11F8EB}
	EndGlobalSection
EndGlobal
